# This file is automatically @generated by Poetry 1.4.0 and should not be changed by hand.

[[package]]
name = "invoke"
version = "2.0.0"
description = "Pythonic task execution"
category = "main"
optional = false
python-versions = ">=3.6"
files = [
    {file = "invoke-2.0.0-py3-none-any.whl", hash = "sha256:a860582bcf7a4b336fe18ef53937f0f28cec1c0053ffa767c2fcf7ba0b850f59"},
    {file = "invoke-2.0.0.tar.gz", hash = "sha256:7ab5dd9cd76b787d560a78b1a9810d252367ab595985c50612702be21d671dd7"},
]

[metadata]
lock-version = "2.0"
python-versions = "^3.10"
content-hash = "704cd0ce3fd8c6c09cac7c19a879b6adfd925cbc7d5d611fe260d998789ead0b"
